// !$*UTF8*$!
{
	archiveVersion = 1;
	classes = {
	};
	objectVersion = 46;
	objects = {

/* Begin PBXBuildFile section */
		8B566BC9146BA2840088C712 /* TEUtilMatrix.cpp in Sources */ = {isa = PBXBuildFile; fileRef = 8B566BC8146BA2840088C712 /* TEUtilMatrix.cpp */; };
		8BCE31BC146B3961003BEDA3 /* colorbox.fs in Resources */ = {isa = PBXBuildFile; fileRef = 8BE9F9E8146B3178007429F7 /* colorbox.fs */; };
		8BCE31BD146B3961003BEDA3 /* colorbox.vs in Resources */ = {isa = PBXBuildFile; fileRef = 8BE9F9E9146B3178007429F7 /* colorbox.vs */; };
		8BCE31BE146B3961003BEDA3 /* effectbox.vs in Resources */ = {isa = PBXBuildFile; fileRef = 8BE9F9EA146B3178007429F7 /* effectbox.vs */; };
		8BCE31BF146B3961003BEDA3 /* texture.fs in Resources */ = {isa = PBXBuildFile; fileRef = 8BE9F9EB146B3178007429F7 /* texture.fs */; };
		8BCE31C0146B3961003BEDA3 /* texture.vs in Resources */ = {isa = PBXBuildFile; fileRef = 8BE9F9EC146B3178007429F7 /* texture.vs */; };
		8BCE31C2146B4296003BEDA3 /* TERenderer.mm in Sources */ = {isa = PBXBuildFile; fileRef = 8BCE31C1146B4296003BEDA3 /* TERenderer.mm */; };
		8BCFFE9A1475D50D00F2DFDE /* TEManagerTexture.mm in Sources */ = {isa = PBXBuildFile; fileRef = 8BCFFE991475D50D00F2DFDE /* TEManagerTexture.mm */; };
		8BD8D58214774347009D47FA /* FragmentShader.txt in Resources */ = {isa = PBXBuildFile; fileRef = 8BD8D58014774347009D47FA /* FragmentShader.txt */; };
		8BD8D58314774347009D47FA /* VertexShader.txt in Resources */ = {isa = PBXBuildFile; fileRef = 8BD8D58114774347009D47FA /* VertexShader.txt */; };
		8BE9F9D9146B01DB007429F7 /* TERendererOGL1.mm in Sources */ = {isa = PBXBuildFile; fileRef = 8BE9F9D8146B01DA007429F7 /* TERendererOGL1.mm */; };
		8BE9F9DF146B0B72007429F7 /* TERendererOGL2.mm in Sources */ = {isa = PBXBuildFile; fileRef = 8BE9F9DE146B0B72007429F7 /* TERendererOGL2.mm */; };
		8BE9F9E1146B0E26007429F7 /* TEManagerFile.mm in Sources */ = {isa = PBXBuildFile; fileRef = 8BE9F9E0146B0E25007429F7 /* TEManagerFile.mm */; };
		8BFB89231468ED7F00D30096 /* TEManagerGraphics.mm in Sources */ = {isa = PBXBuildFile; fileRef = 8BFB89221468ED7F00D30096 /* TEManagerGraphics.mm */; };
		F7124DFB13D1EE1B0041BF36 /* UIKit.framework in Frameworks */ = {isa = PBXBuildFile; fileRef = F7124DFA13D1EE1B0041BF36 /* UIKit.framework */; };
		F7124DFD13D1EE1B0041BF36 /* Foundation.framework in Frameworks */ = {isa = PBXBuildFile; fileRef = F7124DFC13D1EE1B0041BF36 /* Foundation.framework */; };
		F7124DFF13D1EE1B0041BF36 /* CoreGraphics.framework in Frameworks */ = {isa = PBXBuildFile; fileRef = F7124DFE13D1EE1B0041BF36 /* CoreGraphics.framework */; };
		F7124E0113D1EE1B0041BF36 /* QuartzCore.framework in Frameworks */ = {isa = PBXBuildFile; fileRef = F7124E0013D1EE1B0041BF36 /* QuartzCore.framework */; };
		F7124E0313D1EE1B0041BF36 /* OpenGLES.framework in Frameworks */ = {isa = PBXBuildFile; fileRef = F7124E0213D1EE1B0041BF36 /* OpenGLES.framework */; };
		F7124E0913D1EE1B0041BF36 /* InfoPlist.strings in Resources */ = {isa = PBXBuildFile; fileRef = F7124E0713D1EE1B0041BF36 /* InfoPlist.strings */; };
		F7124E0C13D1EE1B0041BF36 /* main.m in Sources */ = {isa = PBXBuildFile; fileRef = F7124E0B13D1EE1B0041BF36 /* main.m */; };
		F7124E0F13D1EE1B0041BF36 /* TouchEngineAppDelegate.mm in Sources */ = {isa = PBXBuildFile; fileRef = F7124E0E13D1EE1B0041BF36 /* TouchEngineAppDelegate.mm */; };
		F7124E1913D1EE1B0041BF36 /* EAGLView.mm in Sources */ = {isa = PBXBuildFile; fileRef = F7124E1813D1EE1B0041BF36 /* EAGLView.mm */; };
		F71A35F713E378A700487B99 /* image_time.png in Resources */ = {isa = PBXBuildFile; fileRef = F71A35F613E378A700487B99 /* image_time.png */; };
		F71A35FD13E37DDA00487B99 /* time.png in Resources */ = {isa = PBXBuildFile; fileRef = F71A35FC13E37DDA00487B99 /* time.png */; };
		F71A360013E38DB100487B99 /* RenderHUD.mm in Sources */ = {isa = PBXBuildFile; fileRef = F71A35FE13E38DB100487B99 /* RenderHUD.mm */; };
		F71A360213E39C4500487B99 /* numbers.png in Resources */ = {isa = PBXBuildFile; fileRef = F71A360113E39C4500487B99 /* numbers.png */; };
		F71ED8A51400AA64002311DD /* table_background.png in Resources */ = {isa = PBXBuildFile; fileRef = F71ED8A41400AA64002311DD /* table_background.png */; };
		F71F95BA13E5879E003E0D0F /* TERandomizer.cpp in Sources */ = {isa = PBXBuildFile; fileRef = F71F95B813E5879E003E0D0F /* TERandomizer.cpp */; };
		F74E05C213D3FA4D006DDA9C /* spade_two.png in Resources */ = {isa = PBXBuildFile; fileRef = F74E05AE13D3FA4D006DDA9C /* spade_two.png */; };
		F74E05C313D3FA4D006DDA9C /* spade_three.png in Resources */ = {isa = PBXBuildFile; fileRef = F74E05AF13D3FA4D006DDA9C /* spade_three.png */; };
		F74E05C413D3FA4D006DDA9C /* spade_ten.png in Resources */ = {isa = PBXBuildFile; fileRef = F74E05B013D3FA4D006DDA9C /* spade_ten.png */; };
		F74E05C513D3FA4D006DDA9C /* spade_six.png in Resources */ = {isa = PBXBuildFile; fileRef = F74E05B113D3FA4D006DDA9C /* spade_six.png */; };
		F74E05C613D3FA4D006DDA9C /* spade_seven.png in Resources */ = {isa = PBXBuildFile; fileRef = F74E05B213D3FA4D006DDA9C /* spade_seven.png */; };
		F74E05C713D3FA4D006DDA9C /* spade_queen.png in Resources */ = {isa = PBXBuildFile; fileRef = F74E05B313D3FA4D006DDA9C /* spade_queen.png */; };
		F74E05C813D3FA4D006DDA9C /* spade_nine.png in Resources */ = {isa = PBXBuildFile; fileRef = F74E05B413D3FA4D006DDA9C /* spade_nine.png */; };
		F74E05C913D3FA4D006DDA9C /* spade_king.png in Resources */ = {isa = PBXBuildFile; fileRef = F74E05B513D3FA4D006DDA9C /* spade_king.png */; };
		F74E05CA13D3FA4D006DDA9C /* spade_jack.png in Resources */ = {isa = PBXBuildFile; fileRef = F74E05B613D3FA4D006DDA9C /* spade_jack.png */; };
		F74E05CB13D3FA4D006DDA9C /* spade_four.png in Resources */ = {isa = PBXBuildFile; fileRef = F74E05B713D3FA4D006DDA9C /* spade_four.png */; };
		F74E05CC13D3FA4D006DDA9C /* spade_five.png in Resources */ = {isa = PBXBuildFile; fileRef = F74E05B813D3FA4D006DDA9C /* spade_five.png */; };
		F74E05CD13D3FA4D006DDA9C /* spade_eight.png in Resources */ = {isa = PBXBuildFile; fileRef = F74E05B913D3FA4D006DDA9C /* spade_eight.png */; };
		F74E05CE13D3FA4D006DDA9C /* heart_two.png in Resources */ = {isa = PBXBuildFile; fileRef = F74E05BA13D3FA4D006DDA9C /* heart_two.png */; };
		F74E05CF13D3FA4D006DDA9C /* heart_three.png in Resources */ = {isa = PBXBuildFile; fileRef = F74E05BB13D3FA4D006DDA9C /* heart_three.png */; };
		F74E05D013D3FA4D006DDA9C /* heart_ten.png in Resources */ = {isa = PBXBuildFile; fileRef = F74E05BC13D3FA4D006DDA9C /* heart_ten.png */; };
		F74E05D113D3FA4D006DDA9C /* heart_six.png in Resources */ = {isa = PBXBuildFile; fileRef = F74E05BD13D3FA4D006DDA9C /* heart_six.png */; };
		F74E05D213D3FA4D006DDA9C /* heart_seven.png in Resources */ = {isa = PBXBuildFile; fileRef = F74E05BE13D3FA4D006DDA9C /* heart_seven.png */; };
		F74E05D313D3FA4D006DDA9C /* heart_queen.png in Resources */ = {isa = PBXBuildFile; fileRef = F74E05BF13D3FA4D006DDA9C /* heart_queen.png */; };
		F74E05D413D3FA4D006DDA9C /* heart_nine.png in Resources */ = {isa = PBXBuildFile; fileRef = F74E05C013D3FA4D006DDA9C /* heart_nine.png */; };
		F74E05D513D3FA4D006DDA9C /* heart_king.png in Resources */ = {isa = PBXBuildFile; fileRef = F74E05C113D3FA4D006DDA9C /* heart_king.png */; };
		F74E05F613D3FA72006DDA9C /* heart_jack.png in Resources */ = {isa = PBXBuildFile; fileRef = F74E05D713D3FA72006DDA9C /* heart_jack.png */; };
		F74E05F713D3FA72006DDA9C /* heart_four.png in Resources */ = {isa = PBXBuildFile; fileRef = F74E05D813D3FA72006DDA9C /* heart_four.png */; };
		F74E05F813D3FA72006DDA9C /* heart_five.png in Resources */ = {isa = PBXBuildFile; fileRef = F74E05D913D3FA72006DDA9C /* heart_five.png */; };
		F74E05F913D3FA72006DDA9C /* heart_eight.png in Resources */ = {isa = PBXBuildFile; fileRef = F74E05DA13D3FA72006DDA9C /* heart_eight.png */; };
		F74E05FA13D3FA72006DDA9C /* heart_ace.png in Resources */ = {isa = PBXBuildFile; fileRef = F74E05DB13D3FA72006DDA9C /* heart_ace.png */; };
		F74E05FB13D3FA72006DDA9C /* diamond_two.png in Resources */ = {isa = PBXBuildFile; fileRef = F74E05DC13D3FA72006DDA9C /* diamond_two.png */; };
		F74E05FC13D3FA72006DDA9C /* diamond_three.png in Resources */ = {isa = PBXBuildFile; fileRef = F74E05DD13D3FA72006DDA9C /* diamond_three.png */; };
		F74E05FD13D3FA72006DDA9C /* diamond_ten.png in Resources */ = {isa = PBXBuildFile; fileRef = F74E05DE13D3FA72006DDA9C /* diamond_ten.png */; };
		F74E05FE13D3FA72006DDA9C /* diamond_six.png in Resources */ = {isa = PBXBuildFile; fileRef = F74E05DF13D3FA72006DDA9C /* diamond_six.png */; };
		F74E05FF13D3FA72006DDA9C /* diamond_seven.png in Resources */ = {isa = PBXBuildFile; fileRef = F74E05E013D3FA72006DDA9C /* diamond_seven.png */; };
		F74E060013D3FA72006DDA9C /* diamond_queen.png in Resources */ = {isa = PBXBuildFile; fileRef = F74E05E113D3FA72006DDA9C /* diamond_queen.png */; };
		F74E060113D3FA72006DDA9C /* diamond_nine.png in Resources */ = {isa = PBXBuildFile; fileRef = F74E05E213D3FA72006DDA9C /* diamond_nine.png */; };
		F74E060213D3FA72006DDA9C /* diamond_king.png in Resources */ = {isa = PBXBuildFile; fileRef = F74E05E313D3FA72006DDA9C /* diamond_king.png */; };
		F74E060313D3FA72006DDA9C /* diamond_jack.png in Resources */ = {isa = PBXBuildFile; fileRef = F74E05E413D3FA72006DDA9C /* diamond_jack.png */; };
		F74E060413D3FA72006DDA9C /* diamond_four.png in Resources */ = {isa = PBXBuildFile; fileRef = F74E05E513D3FA72006DDA9C /* diamond_four.png */; };
		F74E060513D3FA72006DDA9C /* diamond_five.png in Resources */ = {isa = PBXBuildFile; fileRef = F74E05E613D3FA72006DDA9C /* diamond_five.png */; };
		F74E060613D3FA72006DDA9C /* diamond_eight.png in Resources */ = {isa = PBXBuildFile; fileRef = F74E05E713D3FA72006DDA9C /* diamond_eight.png */; };
		F74E060713D3FA72006DDA9C /* diamond_ace.png in Resources */ = {isa = PBXBuildFile; fileRef = F74E05E813D3FA72006DDA9C /* diamond_ace.png */; };
		F74E060813D3FA72006DDA9C /* club_two.png in Resources */ = {isa = PBXBuildFile; fileRef = F74E05E913D3FA72006DDA9C /* club_two.png */; };
		F74E060913D3FA72006DDA9C /* club_three.png in Resources */ = {isa = PBXBuildFile; fileRef = F74E05EA13D3FA72006DDA9C /* club_three.png */; };
		F74E060A13D3FA72006DDA9C /* club_ten.png in Resources */ = {isa = PBXBuildFile; fileRef = F74E05EB13D3FA72006DDA9C /* club_ten.png */; };
		F74E060B13D3FA72006DDA9C /* club_six.png in Resources */ = {isa = PBXBuildFile; fileRef = F74E05EC13D3FA72006DDA9C /* club_six.png */; };
		F74E060C13D3FA72006DDA9C /* club_seven.png in Resources */ = {isa = PBXBuildFile; fileRef = F74E05ED13D3FA72006DDA9C /* club_seven.png */; };
		F74E060D13D3FA72006DDA9C /* club_queen.png in Resources */ = {isa = PBXBuildFile; fileRef = F74E05EE13D3FA72006DDA9C /* club_queen.png */; };
		F74E060E13D3FA72006DDA9C /* club_nine.png in Resources */ = {isa = PBXBuildFile; fileRef = F74E05EF13D3FA72006DDA9C /* club_nine.png */; };
		F74E060F13D3FA72006DDA9C /* club_king.png in Resources */ = {isa = PBXBuildFile; fileRef = F74E05F013D3FA72006DDA9C /* club_king.png */; };
		F74E061013D3FA72006DDA9C /* club_jack.png in Resources */ = {isa = PBXBuildFile; fileRef = F74E05F113D3FA72006DDA9C /* club_jack.png */; };
		F74E061113D3FA72006DDA9C /* club_four.png in Resources */ = {isa = PBXBuildFile; fileRef = F74E05F213D3FA72006DDA9C /* club_four.png */; };
		F74E061213D3FA72006DDA9C /* club_five.png in Resources */ = {isa = PBXBuildFile; fileRef = F74E05F313D3FA72006DDA9C /* club_five.png */; };
		F74E061313D3FA72006DDA9C /* club_eight.png in Resources */ = {isa = PBXBuildFile; fileRef = F74E05F413D3FA72006DDA9C /* club_eight.png */; };
		F74E061413D3FA72006DDA9C /* club_ace.png in Resources */ = {isa = PBXBuildFile; fileRef = F74E05F513D3FA72006DDA9C /* club_ace.png */; };
		F761D42C13D3C4C000ED12F9 /* free_cell.png in Resources */ = {isa = PBXBuildFile; fileRef = F761D42B13D3C4C000ED12F9 /* free_cell.png */; };
		F763053913E9F5DD0015334E /* shuffle.caf in Resources */ = {isa = PBXBuildFile; fileRef = F763053813E9F5DD0015334E /* shuffle.caf */; };
		F763053F13E9FE8B0015334E /* TEComponentSound.mm in Sources */ = {isa = PBXBuildFile; fileRef = F763053E13E9FE8B0015334E /* TEComponentSound.mm */; };
		F76E98BA13EE737D002F8CCB /* menu.png in Resources */ = {isa = PBXBuildFile; fileRef = F76E98B913EE737D002F8CCB /* menu.png */; };
		F77395FC13E882040099FD29 /* TEManagerSound.mm in Sources */ = {isa = PBXBuildFile; fileRef = F77395FA13E882040099FD29 /* TEManagerSound.mm */; };
		F773960313E889700099FD29 /* SoundStart.mm in Sources */ = {isa = PBXBuildFile; fileRef = F773960113E8896F0099FD29 /* SoundStart.mm */; };
		F773961413E891230099FD29 /* AudioToolbox.framework in Frameworks */ = {isa = PBXBuildFile; fileRef = F773961213E891230099FD29 /* AudioToolbox.framework */; };
		F773961513E891230099FD29 /* OpenAL.framework in Frameworks */ = {isa = PBXBuildFile; fileRef = F773961313E891230099FD29 /* OpenAL.framework */; };
		F795ECA613D2739500550919 /* TEGameObject.cpp in Sources */ = {isa = PBXBuildFile; fileRef = F795ECA413D2739500550919 /* TEGameObject.cpp */; };
		F795ECAA13D274A500550919 /* FreeCellGameObjectFactory.mm in Sources */ = {isa = PBXBuildFile; fileRef = F795ECA813D274A500550919 /* FreeCellGameObjectFactory.mm */; };
		F795ECAE13D27EDD00550919 /* RenderImage.mm in Sources */ = {isa = PBXBuildFile; fileRef = F795ECAC13D27EDD00550919 /* RenderImage.mm */; };
		F7A9AD2C13E61CC20053B95A /* TEManagerTime.cpp in Sources */ = {isa = PBXBuildFile; fileRef = F7A9AD2A13E61CC20053B95A /* TEManagerTime.cpp */; };
		F7C1B52013DA853000EF84E8 /* TEManagerInput.cpp in Sources */ = {isa = PBXBuildFile; fileRef = F7C1B51E13DA852F00EF84E8 /* TEManagerInput.cpp */; };
		F7C46D4E13F74D50000534DB /* moves.png in Resources */ = {isa = PBXBuildFile; fileRef = F7C46D4D13F74D50000534DB /* moves.png */; };
		F7C78C6613E33A7C00A7F69E /* StackFreeCell.cpp in Sources */ = {isa = PBXBuildFile; fileRef = F7C78C6413E33A7A00A7F69E /* StackFreeCell.cpp */; };
		F7C78C6A13E33D7900A7F69E /* StackAceCell.cpp in Sources */ = {isa = PBXBuildFile; fileRef = F7C78C6813E33D7700A7F69E /* StackAceCell.cpp */; };
		F7C7F0DF13D234B20061A219 /* TEEngine.mm in Sources */ = {isa = PBXBuildFile; fileRef = F7C7F0DD13D234B20061A219 /* TEEngine.mm */; };
		F7C7F0E313D2369C0061A219 /* FreeCellGame.mm in Sources */ = {isa = PBXBuildFile; fileRef = F7C7F0E113D2369C0061A219 /* FreeCellGame.mm */; };
		F7E2DC6313D3D47400E7DC7B /* ace_cell.png in Resources */ = {isa = PBXBuildFile; fileRef = F7E2DC6213D3D47400E7DC7B /* ace_cell.png */; };
		F7E2DC6913D3D57A00E7DC7B /* PlayingCard.cpp in Sources */ = {isa = PBXBuildFile; fileRef = F7E2DC6713D3D57A00E7DC7B /* PlayingCard.cpp */; };
		F7E2DC6B13D3E6D900E7DC7B /* spade_ace.png in Resources */ = {isa = PBXBuildFile; fileRef = F7E2DC6A13D3E6D900E7DC7B /* spade_ace.png */; };
		F7E8D2BA13D262980049AA45 /* TEManagerRender.mm in Sources */ = {isa = PBXBuildFile; fileRef = F7E8D2B813D262980049AA45 /* TEManagerRender.mm */; };
		F7E8D2BD13D262FE0049AA45 /* TEManagerComponent.cpp in Sources */ = {isa = PBXBuildFile; fileRef = F7E8D2BB13D262FE0049AA45 /* TEManagerComponent.cpp */; };
		F7E8D2C113D265E20049AA45 /* TEComponent.cpp in Sources */ = {isa = PBXBuildFile; fileRef = F7E8D2BF13D265E20049AA45 /* TEComponent.cpp */; };
		F7E9572713DBDA3300565556 /* TouchDrag.mm in Sources */ = {isa = PBXBuildFile; fileRef = F7E9572513DBDA3200565556 /* TouchDrag.mm */; };
		F7F141F313EF5A93000B9A54 /* menu_bar.png in Resources */ = {isa = PBXBuildFile; fileRef = F7F141F213EF5A93000B9A54 /* menu_bar.png */; };
		F7F141F713EF70BB000B9A54 /* RenderMenu.mm in Sources */ = {isa = PBXBuildFile; fileRef = F7F141F513EF70BB000B9A54 /* RenderMenu.mm */; };
		F7F1621A13D292D400A34457 /* TEManagerTouch.cpp in Sources */ = {isa = PBXBuildFile; fileRef = F7F1621813D292D400A34457 /* TEManagerTouch.cpp */; };
		F7F1621E13D294E300A34457 /* TEComponentTouch.cpp in Sources */ = {isa = PBXBuildFile; fileRef = F7F1621C13D294E300A34457 /* TEComponentTouch.cpp */; };
		F7F1622113D2971C00A34457 /* TEInputTouch.cpp in Sources */ = {isa = PBXBuildFile; fileRef = F7F1621F13D2971C00A34457 /* TEInputTouch.cpp */; };
		F7F1622713D2A94B00A34457 /* TEUtilTexture.mm in Sources */ = {isa = PBXBuildFile; fileRef = F7F1622513D2A94A00A34457 /* TEUtilTexture.mm */; };
		F7FC1ACA13D50FD5003A7211 /* TEManagerStack.cpp in Sources */ = {isa = PBXBuildFile; fileRef = F7FC1AC813D50FD5003A7211 /* TEManagerStack.cpp */; };
		F7FC1ACE13D511E3003A7211 /* TEComponentStack.cpp in Sources */ = {isa = PBXBuildFile; fileRef = F7FC1ACC13D511E3003A7211 /* TEComponentStack.cpp */; };
		F7FC1AD113D519EA003A7211 /* StackTableCell.cpp in Sources */ = {isa = PBXBuildFile; fileRef = F7FC1ACF13D519EA003A7211 /* StackTableCell.cpp */; };
		F7FC1AD413D529AC003A7211 /* StackCard.cpp in Sources */ = {isa = PBXBuildFile; fileRef = F7FC1AD213D529AB003A7211 /* StackCard.cpp */; };
/* End PBXBuildFile section */

/* Begin PBXFileReference section */
		8B566BC6146B9A520088C712 /* TEUtilMatrix.h */ = {isa = PBXFileReference; fileEncoding = 4; lastKnownFileType = sourcecode.c.h; path = TEUtilMatrix.h; sourceTree = "<group>"; };
		8B566BC8146BA2840088C712 /* TEUtilMatrix.cpp */ = {isa = PBXFileReference; fileEncoding = 4; lastKnownFileType = sourcecode.cpp.cpp; path = TEUtilMatrix.cpp; sourceTree = "<group>"; };
		8BCE31C1146B4296003BEDA3 /* TERenderer.mm */ = {isa = PBXFileReference; fileEncoding = 4; lastKnownFileType = sourcecode.cpp.objcpp; path = TERenderer.mm; sourceTree = "<group>"; };
		8BCFFE971475D4F700F2DFDE /* TEManagerTexture.h */ = {isa = PBXFileReference; fileEncoding = 4; lastKnownFileType = sourcecode.c.h; path = TEManagerTexture.h; sourceTree = "<group>"; };
		8BCFFE991475D50D00F2DFDE /* TEManagerTexture.mm */ = {isa = PBXFileReference; fileEncoding = 4; lastKnownFileType = sourcecode.cpp.objcpp; path = TEManagerTexture.mm; sourceTree = "<group>"; };
		8BD8D58014774347009D47FA /* FragmentShader.txt */ = {isa = PBXFileReference; fileEncoding = 4; lastKnownFileType = text; path = FragmentShader.txt; sourceTree = "<group>"; };
		8BD8D58114774347009D47FA /* VertexShader.txt */ = {isa = PBXFileReference; fileEncoding = 4; lastKnownFileType = text; path = VertexShader.txt; sourceTree = "<group>"; };
		8BE9F9D6146B01A1007429F7 /* TERenderer.h */ = {isa = PBXFileReference; fileEncoding = 4; lastKnownFileType = sourcecode.c.h; path = TERenderer.h; sourceTree = "<group>"; };
		8BE9F9D8146B01DA007429F7 /* TERendererOGL1.mm */ = {isa = PBXFileReference; fileEncoding = 4; lastKnownFileType = sourcecode.cpp.objcpp; path = TERendererOGL1.mm; sourceTree = "<group>"; };
		8BE9F9DA146B01EC007429F7 /* TERendererOGL1.h */ = {isa = PBXFileReference; fileEncoding = 4; lastKnownFileType = sourcecode.c.h; path = TERendererOGL1.h; sourceTree = "<group>"; };
		8BE9F9DD146B0B5D007429F7 /* TERendererOGL2.h */ = {isa = PBXFileReference; fileEncoding = 4; lastKnownFileType = sourcecode.c.h; path = TERendererOGL2.h; sourceTree = "<group>"; };
		8BE9F9DE146B0B72007429F7 /* TERendererOGL2.mm */ = {isa = PBXFileReference; fileEncoding = 4; lastKnownFileType = sourcecode.cpp.objcpp; path = TERendererOGL2.mm; sourceTree = "<group>"; };
		8BE9F9E0146B0E25007429F7 /* TEManagerFile.mm */ = {isa = PBXFileReference; fileEncoding = 4; lastKnownFileType = sourcecode.cpp.objcpp; path = TEManagerFile.mm; sourceTree = "<group>"; };
		8BE9F9E2146B0E3F007429F7 /* TEManagerFile.h */ = {isa = PBXFileReference; fileEncoding = 4; lastKnownFileType = sourcecode.c.h; path = TEManagerFile.h; sourceTree = "<group>"; };
		8BE9F9E8146B3178007429F7 /* colorbox.fs */ = {isa = PBXFileReference; fileEncoding = 4; lastKnownFileType = sourcecode.glsl; path = colorbox.fs; sourceTree = "<group>"; };
		8BE9F9E9146B3178007429F7 /* colorbox.vs */ = {isa = PBXFileReference; fileEncoding = 4; lastKnownFileType = sourcecode.glsl; path = colorbox.vs; sourceTree = "<group>"; };
		8BE9F9EA146B3178007429F7 /* effectbox.vs */ = {isa = PBXFileReference; fileEncoding = 4; lastKnownFileType = sourcecode.glsl; path = effectbox.vs; sourceTree = "<group>"; };
		8BE9F9EB146B3178007429F7 /* texture.fs */ = {isa = PBXFileReference; fileEncoding = 4; lastKnownFileType = sourcecode.glsl; path = texture.fs; sourceTree = "<group>"; };
		8BE9F9EC146B3178007429F7 /* texture.vs */ = {isa = PBXFileReference; fileEncoding = 4; lastKnownFileType = sourcecode.glsl; path = texture.vs; sourceTree = "<group>"; };
		8BFB89201468ED0B00D30096 /* TEManagerGraphics.h */ = {isa = PBXFileReference; fileEncoding = 4; lastKnownFileType = sourcecode.c.h; path = TEManagerGraphics.h; sourceTree = "<group>"; };
		8BFB89221468ED7F00D30096 /* TEManagerGraphics.mm */ = {isa = PBXFileReference; fileEncoding = 4; lastKnownFileType = sourcecode.cpp.objcpp; path = TEManagerGraphics.mm; sourceTree = "<group>"; };
		F7124DF613D1EE1B0041BF36 /* TouchEngine.app */ = {isa = PBXFileReference; explicitFileType = wrapper.application; includeInIndex = 0; path = TouchEngine.app; sourceTree = BUILT_PRODUCTS_DIR; };
		F7124DFA13D1EE1B0041BF36 /* UIKit.framework */ = {isa = PBXFileReference; lastKnownFileType = wrapper.framework; name = UIKit.framework; path = System/Library/Frameworks/UIKit.framework; sourceTree = SDKROOT; };
		F7124DFC13D1EE1B0041BF36 /* Foundation.framework */ = {isa = PBXFileReference; lastKnownFileType = wrapper.framework; name = Foundation.framework; path = System/Library/Frameworks/Foundation.framework; sourceTree = SDKROOT; };
		F7124DFE13D1EE1B0041BF36 /* CoreGraphics.framework */ = {isa = PBXFileReference; lastKnownFileType = wrapper.framework; name = CoreGraphics.framework; path = System/Library/Frameworks/CoreGraphics.framework; sourceTree = SDKROOT; };
		F7124E0013D1EE1B0041BF36 /* QuartzCore.framework */ = {isa = PBXFileReference; lastKnownFileType = wrapper.framework; name = QuartzCore.framework; path = System/Library/Frameworks/QuartzCore.framework; sourceTree = SDKROOT; };
		F7124E0213D1EE1B0041BF36 /* OpenGLES.framework */ = {isa = PBXFileReference; lastKnownFileType = wrapper.framework; name = OpenGLES.framework; path = System/Library/Frameworks/OpenGLES.framework; sourceTree = SDKROOT; };
		F7124E0613D1EE1B0041BF36 /* TouchEngine-Info.plist */ = {isa = PBXFileReference; lastKnownFileType = text.plist.xml; path = "TouchEngine-Info.plist"; sourceTree = "<group>"; };
		F7124E0813D1EE1B0041BF36 /* en */ = {isa = PBXFileReference; lastKnownFileType = text.plist.strings; name = en; path = en.lproj/InfoPlist.strings; sourceTree = "<group>"; };
		F7124E0A13D1EE1B0041BF36 /* TouchEngine-Prefix.pch */ = {isa = PBXFileReference; lastKnownFileType = sourcecode.c.h; path = "TouchEngine-Prefix.pch"; sourceTree = "<group>"; };
		F7124E0B13D1EE1B0041BF36 /* main.m */ = {isa = PBXFileReference; lastKnownFileType = sourcecode.c.objc; path = main.m; sourceTree = "<group>"; };
		F7124E0D13D1EE1B0041BF36 /* TouchEngineAppDelegate.h */ = {isa = PBXFileReference; lastKnownFileType = sourcecode.c.h; path = TouchEngineAppDelegate.h; sourceTree = "<group>"; };
		F7124E0E13D1EE1B0041BF36 /* TouchEngineAppDelegate.mm */ = {isa = PBXFileReference; lastKnownFileType = sourcecode.cpp.objcpp; path = TouchEngineAppDelegate.mm; sourceTree = "<group>"; };
		F7124E1713D1EE1B0041BF36 /* EAGLView.h */ = {isa = PBXFileReference; lastKnownFileType = sourcecode.c.h; path = EAGLView.h; sourceTree = "<group>"; };
		F7124E1813D1EE1B0041BF36 /* EAGLView.mm */ = {isa = PBXFileReference; lastKnownFileType = sourcecode.cpp.objcpp; path = EAGLView.mm; sourceTree = "<group>"; };
		F71A35F613E378A700487B99 /* image_time.png */ = {isa = PBXFileReference; lastKnownFileType = image.png; path = image_time.png; sourceTree = "<group>"; };
		F71A35FC13E37DDA00487B99 /* time.png */ = {isa = PBXFileReference; lastKnownFileType = image.png; path = time.png; sourceTree = "<group>"; };
		F71A35FE13E38DB100487B99 /* RenderHUD.mm */ = {isa = PBXFileReference; fileEncoding = 4; lastKnownFileType = sourcecode.cpp.objcpp; path = RenderHUD.mm; sourceTree = "<group>"; };
		F71A35FF13E38DB100487B99 /* RenderHUD.h */ = {isa = PBXFileReference; fileEncoding = 4; lastKnownFileType = sourcecode.c.h; path = RenderHUD.h; sourceTree = "<group>"; };
		F71A360113E39C4500487B99 /* numbers.png */ = {isa = PBXFileReference; lastKnownFileType = image.png; path = numbers.png; sourceTree = "<group>"; };
		F71ED8A41400AA64002311DD /* table_background.png */ = {isa = PBXFileReference; lastKnownFileType = image.png; path = table_background.png; sourceTree = "<group>"; };
		F71F95B813E5879E003E0D0F /* TERandomizer.cpp */ = {isa = PBXFileReference; fileEncoding = 4; lastKnownFileType = sourcecode.cpp.cpp; path = TERandomizer.cpp; sourceTree = "<group>"; };
		F71F95B913E5879E003E0D0F /* TERandomizer.h */ = {isa = PBXFileReference; fileEncoding = 4; lastKnownFileType = sourcecode.c.h; path = TERandomizer.h; sourceTree = "<group>"; };
		F74E05AE13D3FA4D006DDA9C /* spade_two.png */ = {isa = PBXFileReference; lastKnownFileType = image.png; path = spade_two.png; sourceTree = "<group>"; };
		F74E05AF13D3FA4D006DDA9C /* spade_three.png */ = {isa = PBXFileReference; lastKnownFileType = image.png; path = spade_three.png; sourceTree = "<group>"; };
		F74E05B013D3FA4D006DDA9C /* spade_ten.png */ = {isa = PBXFileReference; lastKnownFileType = image.png; path = spade_ten.png; sourceTree = "<group>"; };
		F74E05B113D3FA4D006DDA9C /* spade_six.png */ = {isa = PBXFileReference; lastKnownFileType = image.png; path = spade_six.png; sourceTree = "<group>"; };
		F74E05B213D3FA4D006DDA9C /* spade_seven.png */ = {isa = PBXFileReference; lastKnownFileType = image.png; path = spade_seven.png; sourceTree = "<group>"; };
		F74E05B313D3FA4D006DDA9C /* spade_queen.png */ = {isa = PBXFileReference; lastKnownFileType = image.png; path = spade_queen.png; sourceTree = "<group>"; };
		F74E05B413D3FA4D006DDA9C /* spade_nine.png */ = {isa = PBXFileReference; lastKnownFileType = image.png; path = spade_nine.png; sourceTree = "<group>"; };
		F74E05B513D3FA4D006DDA9C /* spade_king.png */ = {isa = PBXFileReference; lastKnownFileType = image.png; path = spade_king.png; sourceTree = "<group>"; };
		F74E05B613D3FA4D006DDA9C /* spade_jack.png */ = {isa = PBXFileReference; lastKnownFileType = image.png; path = spade_jack.png; sourceTree = "<group>"; };
		F74E05B713D3FA4D006DDA9C /* spade_four.png */ = {isa = PBXFileReference; lastKnownFileType = image.png; path = spade_four.png; sourceTree = "<group>"; };
		F74E05B813D3FA4D006DDA9C /* spade_five.png */ = {isa = PBXFileReference; lastKnownFileType = image.png; path = spade_five.png; sourceTree = "<group>"; };
		F74E05B913D3FA4D006DDA9C /* spade_eight.png */ = {isa = PBXFileReference; lastKnownFileType = image.png; path = spade_eight.png; sourceTree = "<group>"; };
		F74E05BA13D3FA4D006DDA9C /* heart_two.png */ = {isa = PBXFileReference; lastKnownFileType = image.png; path = heart_two.png; sourceTree = "<group>"; };
		F74E05BB13D3FA4D006DDA9C /* heart_three.png */ = {isa = PBXFileReference; lastKnownFileType = image.png; path = heart_three.png; sourceTree = "<group>"; };
		F74E05BC13D3FA4D006DDA9C /* heart_ten.png */ = {isa = PBXFileReference; lastKnownFileType = image.png; path = heart_ten.png; sourceTree = "<group>"; };
		F74E05BD13D3FA4D006DDA9C /* heart_six.png */ = {isa = PBXFileReference; lastKnownFileType = image.png; path = heart_six.png; sourceTree = "<group>"; };
		F74E05BE13D3FA4D006DDA9C /* heart_seven.png */ = {isa = PBXFileReference; lastKnownFileType = image.png; path = heart_seven.png; sourceTree = "<group>"; };
		F74E05BF13D3FA4D006DDA9C /* heart_queen.png */ = {isa = PBXFileReference; lastKnownFileType = image.png; path = heart_queen.png; sourceTree = "<group>"; };
		F74E05C013D3FA4D006DDA9C /* heart_nine.png */ = {isa = PBXFileReference; lastKnownFileType = image.png; path = heart_nine.png; sourceTree = "<group>"; };
		F74E05C113D3FA4D006DDA9C /* heart_king.png */ = {isa = PBXFileReference; lastKnownFileType = image.png; path = heart_king.png; sourceTree = "<group>"; };
		F74E05D713D3FA72006DDA9C /* heart_jack.png */ = {isa = PBXFileReference; lastKnownFileType = image.png; path = heart_jack.png; sourceTree = "<group>"; };
		F74E05D813D3FA72006DDA9C /* heart_four.png */ = {isa = PBXFileReference; lastKnownFileType = image.png; path = heart_four.png; sourceTree = "<group>"; };
		F74E05D913D3FA72006DDA9C /* heart_five.png */ = {isa = PBXFileReference; lastKnownFileType = image.png; path = heart_five.png; sourceTree = "<group>"; };
		F74E05DA13D3FA72006DDA9C /* heart_eight.png */ = {isa = PBXFileReference; lastKnownFileType = image.png; path = heart_eight.png; sourceTree = "<group>"; };
		F74E05DB13D3FA72006DDA9C /* heart_ace.png */ = {isa = PBXFileReference; lastKnownFileType = image.png; path = heart_ace.png; sourceTree = "<group>"; };
		F74E05DC13D3FA72006DDA9C /* diamond_two.png */ = {isa = PBXFileReference; lastKnownFileType = image.png; path = diamond_two.png; sourceTree = "<group>"; };
		F74E05DD13D3FA72006DDA9C /* diamond_three.png */ = {isa = PBXFileReference; lastKnownFileType = image.png; path = diamond_three.png; sourceTree = "<group>"; };
		F74E05DE13D3FA72006DDA9C /* diamond_ten.png */ = {isa = PBXFileReference; lastKnownFileType = image.png; path = diamond_ten.png; sourceTree = "<group>"; };
		F74E05DF13D3FA72006DDA9C /* diamond_six.png */ = {isa = PBXFileReference; lastKnownFileType = image.png; path = diamond_six.png; sourceTree = "<group>"; };
		F74E05E013D3FA72006DDA9C /* diamond_seven.png */ = {isa = PBXFileReference; lastKnownFileType = image.png; path = diamond_seven.png; sourceTree = "<group>"; };
		F74E05E113D3FA72006DDA9C /* diamond_queen.png */ = {isa = PBXFileReference; lastKnownFileType = image.png; path = diamond_queen.png; sourceTree = "<group>"; };
		F74E05E213D3FA72006DDA9C /* diamond_nine.png */ = {isa = PBXFileReference; lastKnownFileType = image.png; path = diamond_nine.png; sourceTree = "<group>"; };
		F74E05E313D3FA72006DDA9C /* diamond_king.png */ = {isa = PBXFileReference; lastKnownFileType = image.png; path = diamond_king.png; sourceTree = "<group>"; };
		F74E05E413D3FA72006DDA9C /* diamond_jack.png */ = {isa = PBXFileReference; lastKnownFileType = image.png; path = diamond_jack.png; sourceTree = "<group>"; };
		F74E05E513D3FA72006DDA9C /* diamond_four.png */ = {isa = PBXFileReference; lastKnownFileType = image.png; path = diamond_four.png; sourceTree = "<group>"; };
		F74E05E613D3FA72006DDA9C /* diamond_five.png */ = {isa = PBXFileReference; lastKnownFileType = image.png; path = diamond_five.png; sourceTree = "<group>"; };
		F74E05E713D3FA72006DDA9C /* diamond_eight.png */ = {isa = PBXFileReference; lastKnownFileType = image.png; path = diamond_eight.png; sourceTree = "<group>"; };
		F74E05E813D3FA72006DDA9C /* diamond_ace.png */ = {isa = PBXFileReference; lastKnownFileType = image.png; path = diamond_ace.png; sourceTree = "<group>"; };
		F74E05E913D3FA72006DDA9C /* club_two.png */ = {isa = PBXFileReference; lastKnownFileType = image.png; path = club_two.png; sourceTree = "<group>"; };
		F74E05EA13D3FA72006DDA9C /* club_three.png */ = {isa = PBXFileReference; lastKnownFileType = image.png; path = club_three.png; sourceTree = "<group>"; };
		F74E05EB13D3FA72006DDA9C /* club_ten.png */ = {isa = PBXFileReference; lastKnownFileType = image.png; path = club_ten.png; sourceTree = "<group>"; };
		F74E05EC13D3FA72006DDA9C /* club_six.png */ = {isa = PBXFileReference; lastKnownFileType = image.png; path = club_six.png; sourceTree = "<group>"; };
		F74E05ED13D3FA72006DDA9C /* club_seven.png */ = {isa = PBXFileReference; lastKnownFileType = image.png; path = club_seven.png; sourceTree = "<group>"; };
		F74E05EE13D3FA72006DDA9C /* club_queen.png */ = {isa = PBXFileReference; lastKnownFileType = image.png; path = club_queen.png; sourceTree = "<group>"; };
		F74E05EF13D3FA72006DDA9C /* club_nine.png */ = {isa = PBXFileReference; lastKnownFileType = image.png; path = club_nine.png; sourceTree = "<group>"; };
		F74E05F013D3FA72006DDA9C /* club_king.png */ = {isa = PBXFileReference; lastKnownFileType = image.png; path = club_king.png; sourceTree = "<group>"; };
		F74E05F113D3FA72006DDA9C /* club_jack.png */ = {isa = PBXFileReference; lastKnownFileType = image.png; path = club_jack.png; sourceTree = "<group>"; };
		F74E05F213D3FA72006DDA9C /* club_four.png */ = {isa = PBXFileReference; lastKnownFileType = image.png; path = club_four.png; sourceTree = "<group>"; };
		F74E05F313D3FA72006DDA9C /* club_five.png */ = {isa = PBXFileReference; lastKnownFileType = image.png; path = club_five.png; sourceTree = "<group>"; };
		F74E05F413D3FA72006DDA9C /* club_eight.png */ = {isa = PBXFileReference; lastKnownFileType = image.png; path = club_eight.png; sourceTree = "<group>"; };
		F74E05F513D3FA72006DDA9C /* club_ace.png */ = {isa = PBXFileReference; lastKnownFileType = image.png; path = club_ace.png; sourceTree = "<group>"; };
		F761D41313D3A2DF00ED12F9 /* TEUtilsMath.h */ = {isa = PBXFileReference; fileEncoding = 4; lastKnownFileType = sourcecode.c.h; path = TEUtilsMath.h; sourceTree = "<group>"; };
		F761D42B13D3C4C000ED12F9 /* free_cell.png */ = {isa = PBXFileReference; lastKnownFileType = image.png; path = free_cell.png; sourceTree = "<group>"; };
		F763053813E9F5DD0015334E /* shuffle.caf */ = {isa = PBXFileReference; lastKnownFileType = file; path = shuffle.caf; sourceTree = "<group>"; };
		F763053E13E9FE8B0015334E /* TEComponentSound.mm */ = {isa = PBXFileReference; fileEncoding = 4; lastKnownFileType = sourcecode.cpp.objcpp; path = TEComponentSound.mm; sourceTree = "<group>"; };
		F76E98B913EE737D002F8CCB /* menu.png */ = {isa = PBXFileReference; lastKnownFileType = image.png; path = menu.png; sourceTree = "<group>"; };
		F77395FA13E882040099FD29 /* TEManagerSound.mm */ = {isa = PBXFileReference; fileEncoding = 4; lastKnownFileType = sourcecode.cpp.objcpp; path = TEManagerSound.mm; sourceTree = "<group>"; };
		F77395FB13E882040099FD29 /* TEManagerSound.h */ = {isa = PBXFileReference; fileEncoding = 4; lastKnownFileType = sourcecode.c.h; path = TEManagerSound.h; sourceTree = "<group>"; };
		F77395FF13E887B30099FD29 /* TEComponentSound.h */ = {isa = PBXFileReference; fileEncoding = 4; lastKnownFileType = sourcecode.c.h; path = TEComponentSound.h; sourceTree = "<group>"; };
		F773960113E8896F0099FD29 /* SoundStart.mm */ = {isa = PBXFileReference; fileEncoding = 4; lastKnownFileType = sourcecode.cpp.objcpp; path = SoundStart.mm; sourceTree = "<group>"; };
		F773960213E889700099FD29 /* SoundStart.h */ = {isa = PBXFileReference; fileEncoding = 4; lastKnownFileType = sourcecode.c.h; path = SoundStart.h; sourceTree = "<group>"; };
		F773960C13E88E6C0099FD29 /* OpenAL.framework */ = {isa = PBXFileReference; lastKnownFileType = wrapper.framework; name = OpenAL.framework; path = System/Library/Frameworks/OpenAL.framework; sourceTree = SDKROOT; };
		F773960E13E88ED10099FD29 /* AudioToolbox.framework */ = {isa = PBXFileReference; lastKnownFileType = wrapper.framework; name = AudioToolbox.framework; path = System/Library/Frameworks/AudioToolbox.framework; sourceTree = SDKROOT; };
		F773961213E891230099FD29 /* AudioToolbox.framework */ = {isa = PBXFileReference; lastKnownFileType = wrapper.framework; name = AudioToolbox.framework; path = System/Library/Frameworks/AudioToolbox.framework; sourceTree = SDKROOT; };
		F773961313E891230099FD29 /* OpenAL.framework */ = {isa = PBXFileReference; lastKnownFileType = wrapper.framework; name = OpenAL.framework; path = System/Library/Frameworks/OpenAL.framework; sourceTree = SDKROOT; };
		F795ECA413D2739500550919 /* TEGameObject.cpp */ = {isa = PBXFileReference; fileEncoding = 4; lastKnownFileType = sourcecode.cpp.cpp; path = TEGameObject.cpp; sourceTree = "<group>"; };
		F795ECA513D2739500550919 /* TEGameObject.h */ = {isa = PBXFileReference; fileEncoding = 4; lastKnownFileType = sourcecode.c.h; path = TEGameObject.h; sourceTree = "<group>"; };
		F795ECA813D274A500550919 /* FreeCellGameObjectFactory.mm */ = {isa = PBXFileReference; fileEncoding = 4; lastKnownFileType = sourcecode.cpp.objcpp; path = FreeCellGameObjectFactory.mm; sourceTree = "<group>"; };
		F795ECA913D274A500550919 /* FreeCellGameObjectFactory.h */ = {isa = PBXFileReference; fileEncoding = 4; lastKnownFileType = sourcecode.c.h; path = FreeCellGameObjectFactory.h; sourceTree = "<group>"; };
		F795ECAB13D27DF800550919 /* TETypes.h */ = {isa = PBXFileReference; fileEncoding = 4; lastKnownFileType = sourcecode.c.h; path = TETypes.h; sourceTree = "<group>"; };
		F795ECAC13D27EDD00550919 /* RenderImage.mm */ = {isa = PBXFileReference; fileEncoding = 4; lastKnownFileType = sourcecode.cpp.objcpp; path = RenderImage.mm; sourceTree = "<group>"; };
		F795ECAD13D27EDD00550919 /* RenderImage.h */ = {isa = PBXFileReference; fileEncoding = 4; lastKnownFileType = sourcecode.c.h; path = RenderImage.h; sourceTree = "<group>"; };
		F7A9AD2A13E61CC20053B95A /* TEManagerTime.cpp */ = {isa = PBXFileReference; fileEncoding = 4; lastKnownFileType = sourcecode.cpp.cpp; path = TEManagerTime.cpp; sourceTree = "<group>"; };
		F7A9AD2B13E61CC20053B95A /* TEManagerTime.h */ = {isa = PBXFileReference; fileEncoding = 4; lastKnownFileType = sourcecode.c.h; path = TEManagerTime.h; sourceTree = "<group>"; };
		F7C1B51E13DA852F00EF84E8 /* TEManagerInput.cpp */ = {isa = PBXFileReference; fileEncoding = 4; lastKnownFileType = sourcecode.cpp.cpp; path = TEManagerInput.cpp; sourceTree = "<group>"; };
		F7C1B51F13DA853000EF84E8 /* TEManagerInput.h */ = {isa = PBXFileReference; fileEncoding = 4; lastKnownFileType = sourcecode.c.h; path = TEManagerInput.h; sourceTree = "<group>"; };
		F7C46D4D13F74D50000534DB /* moves.png */ = {isa = PBXFileReference; lastKnownFileType = image.png; path = moves.png; sourceTree = "<group>"; };
		F7C78C6413E33A7A00A7F69E /* StackFreeCell.cpp */ = {isa = PBXFileReference; fileEncoding = 4; lastKnownFileType = sourcecode.cpp.cpp; path = StackFreeCell.cpp; sourceTree = "<group>"; };
		F7C78C6513E33A7B00A7F69E /* StackFreeCell.h */ = {isa = PBXFileReference; fileEncoding = 4; lastKnownFileType = sourcecode.c.h; path = StackFreeCell.h; sourceTree = "<group>"; };
		F7C78C6813E33D7700A7F69E /* StackAceCell.cpp */ = {isa = PBXFileReference; fileEncoding = 4; lastKnownFileType = sourcecode.cpp.cpp; path = StackAceCell.cpp; sourceTree = "<group>"; };
		F7C78C6913E33D7800A7F69E /* StackAceCell.h */ = {isa = PBXFileReference; fileEncoding = 4; lastKnownFileType = sourcecode.c.h; path = StackAceCell.h; sourceTree = "<group>"; };
		F7C7F0DD13D234B20061A219 /* TEEngine.mm */ = {isa = PBXFileReference; fileEncoding = 4; lastKnownFileType = sourcecode.cpp.objcpp; path = TEEngine.mm; sourceTree = "<group>"; };
		F7C7F0DE13D234B20061A219 /* TEEngine.h */ = {isa = PBXFileReference; fileEncoding = 4; lastKnownFileType = sourcecode.c.h; path = TEEngine.h; sourceTree = "<group>"; };
		F7C7F0E113D2369C0061A219 /* FreeCellGame.mm */ = {isa = PBXFileReference; fileEncoding = 4; lastKnownFileType = sourcecode.cpp.objcpp; path = FreeCellGame.mm; sourceTree = "<group>"; };
		F7C7F0E213D2369C0061A219 /* FreeCellGame.h */ = {isa = PBXFileReference; fileEncoding = 4; lastKnownFileType = sourcecode.c.h; path = FreeCellGame.h; sourceTree = "<group>"; };
		F7C9DFC513E1F4EA00FA2BA3 /* TEEventListenerBase.h */ = {isa = PBXFileReference; fileEncoding = 4; lastKnownFileType = sourcecode.c.h; path = TEEventListenerBase.h; sourceTree = "<group>"; };
		F7E2DC6213D3D47400E7DC7B /* ace_cell.png */ = {isa = PBXFileReference; lastKnownFileType = image.png; path = ace_cell.png; sourceTree = "<group>"; };
		F7E2DC6713D3D57A00E7DC7B /* PlayingCard.cpp */ = {isa = PBXFileReference; fileEncoding = 4; lastKnownFileType = sourcecode.cpp.cpp; path = PlayingCard.cpp; sourceTree = "<group>"; };
		F7E2DC6813D3D57A00E7DC7B /* PlayingCard.h */ = {isa = PBXFileReference; fileEncoding = 4; lastKnownFileType = sourcecode.c.h; path = PlayingCard.h; sourceTree = "<group>"; };
		F7E2DC6A13D3E6D900E7DC7B /* spade_ace.png */ = {isa = PBXFileReference; lastKnownFileType = image.png; path = spade_ace.png; sourceTree = "<group>"; };
		F7E8D2B613D25D290049AA45 /* TEManager.h */ = {isa = PBXFileReference; fileEncoding = 4; lastKnownFileType = sourcecode.c.h; path = TEManager.h; sourceTree = "<group>"; };
		F7E8D2B813D262980049AA45 /* TEManagerRender.mm */ = {isa = PBXFileReference; fileEncoding = 4; lastKnownFileType = sourcecode.cpp.objcpp; path = TEManagerRender.mm; sourceTree = "<group>"; };
		F7E8D2B913D262980049AA45 /* TEManagerRender.h */ = {isa = PBXFileReference; fileEncoding = 4; lastKnownFileType = sourcecode.c.h; path = TEManagerRender.h; sourceTree = "<group>"; };
		F7E8D2BB13D262FE0049AA45 /* TEManagerComponent.cpp */ = {isa = PBXFileReference; fileEncoding = 4; lastKnownFileType = sourcecode.cpp.cpp; path = TEManagerComponent.cpp; sourceTree = "<group>"; };
		F7E8D2BC13D262FE0049AA45 /* TEManagerComponent.h */ = {isa = PBXFileReference; fileEncoding = 4; lastKnownFileType = sourcecode.c.h; path = TEManagerComponent.h; sourceTree = "<group>"; };
		F7E8D2BF13D265E20049AA45 /* TEComponent.cpp */ = {isa = PBXFileReference; fileEncoding = 4; lastKnownFileType = sourcecode.cpp.cpp; path = TEComponent.cpp; sourceTree = "<group>"; };
		F7E8D2C013D265E20049AA45 /* TEComponent.h */ = {isa = PBXFileReference; fileEncoding = 4; lastKnownFileType = sourcecode.c.h; path = TEComponent.h; sourceTree = "<group>"; };
		F7E8D2C213D26C4D0049AA45 /* TEComponentRender.h */ = {isa = PBXFileReference; fileEncoding = 4; lastKnownFileType = sourcecode.c.h; path = TEComponentRender.h; sourceTree = "<group>"; };
		F7E9572513DBDA3200565556 /* TouchDrag.mm */ = {isa = PBXFileReference; fileEncoding = 4; lastKnownFileType = sourcecode.cpp.objcpp; path = TouchDrag.mm; sourceTree = "<group>"; };
		F7E9572613DBDA3200565556 /* TouchDrag.h */ = {isa = PBXFileReference; fileEncoding = 4; lastKnownFileType = sourcecode.c.h; path = TouchDrag.h; sourceTree = "<group>"; };
		F7F141F213EF5A93000B9A54 /* menu_bar.png */ = {isa = PBXFileReference; lastKnownFileType = image.png; path = menu_bar.png; sourceTree = "<group>"; };
		F7F141F513EF70BB000B9A54 /* RenderMenu.mm */ = {isa = PBXFileReference; fileEncoding = 4; lastKnownFileType = sourcecode.cpp.objcpp; path = RenderMenu.mm; sourceTree = "<group>"; };
		F7F141F613EF70BB000B9A54 /* RenderMenu.h */ = {isa = PBXFileReference; fileEncoding = 4; lastKnownFileType = sourcecode.c.h; path = RenderMenu.h; sourceTree = "<group>"; };
		F7F1621813D292D400A34457 /* TEManagerTouch.cpp */ = {isa = PBXFileReference; fileEncoding = 4; lastKnownFileType = sourcecode.cpp.cpp; path = TEManagerTouch.cpp; sourceTree = "<group>"; };
		F7F1621913D292D400A34457 /* TEManagerTouch.h */ = {isa = PBXFileReference; fileEncoding = 4; lastKnownFileType = sourcecode.c.h; path = TEManagerTouch.h; sourceTree = "<group>"; };
		F7F1621C13D294E300A34457 /* TEComponentTouch.cpp */ = {isa = PBXFileReference; fileEncoding = 4; lastKnownFileType = sourcecode.cpp.cpp; path = TEComponentTouch.cpp; sourceTree = "<group>"; };
		F7F1621D13D294E300A34457 /* TEComponentTouch.h */ = {isa = PBXFileReference; fileEncoding = 4; lastKnownFileType = sourcecode.c.h; path = TEComponentTouch.h; sourceTree = "<group>"; };
		F7F1621F13D2971C00A34457 /* TEInputTouch.cpp */ = {isa = PBXFileReference; fileEncoding = 4; lastKnownFileType = sourcecode.cpp.cpp; path = TEInputTouch.cpp; sourceTree = "<group>"; };
		F7F1622013D2971C00A34457 /* TEInputTouch.h */ = {isa = PBXFileReference; fileEncoding = 4; lastKnownFileType = sourcecode.c.h; path = TEInputTouch.h; sourceTree = "<group>"; };
		F7F1622513D2A94A00A34457 /* TEUtilTexture.mm */ = {isa = PBXFileReference; fileEncoding = 4; lastKnownFileType = sourcecode.cpp.objcpp; path = TEUtilTexture.mm; sourceTree = "<group>"; };
		F7F1622613D2A94B00A34457 /* TEUtilTexture.h */ = {isa = PBXFileReference; fileEncoding = 4; lastKnownFileType = sourcecode.c.h; path = TEUtilTexture.h; sourceTree = "<group>"; };
		F7FC1AC813D50FD5003A7211 /* TEManagerStack.cpp */ = {isa = PBXFileReference; fileEncoding = 4; lastKnownFileType = sourcecode.cpp.cpp; path = TEManagerStack.cpp; sourceTree = "<group>"; };
		F7FC1AC913D50FD5003A7211 /* TEManagerStack.h */ = {isa = PBXFileReference; fileEncoding = 4; lastKnownFileType = sourcecode.c.h; path = TEManagerStack.h; sourceTree = "<group>"; };
		F7FC1ACC13D511E3003A7211 /* TEComponentStack.cpp */ = {isa = PBXFileReference; fileEncoding = 4; lastKnownFileType = sourcecode.cpp.cpp; path = TEComponentStack.cpp; sourceTree = "<group>"; };
		F7FC1ACD13D511E3003A7211 /* TEComponentStack.h */ = {isa = PBXFileReference; fileEncoding = 4; lastKnownFileType = sourcecode.c.h; path = TEComponentStack.h; sourceTree = "<group>"; };
		F7FC1ACF13D519EA003A7211 /* StackTableCell.cpp */ = {isa = PBXFileReference; fileEncoding = 4; lastKnownFileType = sourcecode.cpp.cpp; path = StackTableCell.cpp; sourceTree = "<group>"; };
		F7FC1AD013D519EA003A7211 /* StackTableCell.h */ = {isa = PBXFileReference; fileEncoding = 4; lastKnownFileType = sourcecode.c.h; path = StackTableCell.h; sourceTree = "<group>"; };
		F7FC1AD213D529AB003A7211 /* StackCard.cpp */ = {isa = PBXFileReference; fileEncoding = 4; lastKnownFileType = sourcecode.cpp.cpp; path = StackCard.cpp; sourceTree = "<group>"; };
		F7FC1AD313D529AC003A7211 /* StackCard.h */ = {isa = PBXFileReference; fileEncoding = 4; lastKnownFileType = sourcecode.c.h; path = StackCard.h; sourceTree = "<group>"; };
		F7FE2F4813E25F2D00B9858D /* TEEventListener.h */ = {isa = PBXFileReference; fileEncoding = 4; lastKnownFileType = sourcecode.c.h; path = TEEventListener.h; sourceTree = "<group>"; };
/* End PBXFileReference section */

/* Begin PBXFrameworksBuildPhase section */
		F7124DF313D1EE1B0041BF36 /* Frameworks */ = {
			isa = PBXFrameworksBuildPhase;
			buildActionMask = 2147483647;
			files = (
				F773961413E891230099FD29 /* AudioToolbox.framework in Frameworks */,
				F773961513E891230099FD29 /* OpenAL.framework in Frameworks */,
				F7124DFB13D1EE1B0041BF36 /* UIKit.framework in Frameworks */,
				F7124DFD13D1EE1B0041BF36 /* Foundation.framework in Frameworks */,
				F7124DFF13D1EE1B0041BF36 /* CoreGraphics.framework in Frameworks */,
				F7124E0113D1EE1B0041BF36 /* QuartzCore.framework in Frameworks */,
				F7124E0313D1EE1B0041BF36 /* OpenGLES.framework in Frameworks */,
			);
			runOnlyForDeploymentPostprocessing = 0;
		};
/* End PBXFrameworksBuildPhase section */

/* Begin PBXGroup section */
		8BE9F9E7146B312C007429F7 /* Shaders */ = {
			isa = PBXGroup;
			children = (
				8BD8D58114774347009D47FA /* VertexShader.txt */,
				8BD8D58014774347009D47FA /* FragmentShader.txt */,
				8BE9F9E8146B3178007429F7 /* colorbox.fs */,
				8BE9F9E9146B3178007429F7 /* colorbox.vs */,
				8BE9F9EA146B3178007429F7 /* effectbox.vs */,
				8BE9F9EB146B3178007429F7 /* texture.fs */,
				8BE9F9EC146B3178007429F7 /* texture.vs */,
			);
			name = Shaders;
			sourceTree = "<group>";
		};
		F7124DEB13D1EE1B0041BF36 = {
			isa = PBXGroup;
			children = (
				F7124E0413D1EE1B0041BF36 /* TouchEngine */,
				F7124DF913D1EE1B0041BF36 /* Frameworks */,
				F7E2DC6613D3D50100E7DC7B /* Images */,
				F763053713E9F5A70015334E /* Sounds */,
				F7124E0513D1EE1B0041BF36 /* Supporting Files */,
				F7124DF713D1EE1B0041BF36 /* Products */,
			);
			sourceTree = "<group>";
		};
		F7124DF713D1EE1B0041BF36 /* Products */ = {
			isa = PBXGroup;
			children = (
				F7124DF613D1EE1B0041BF36 /* TouchEngine.app */,
			);
			name = Products;
			sourceTree = "<group>";
		};
		F7124DF913D1EE1B0041BF36 /* Frameworks */ = {
			isa = PBXGroup;
			children = (
				F7124DFA13D1EE1B0041BF36 /* UIKit.framework */,
				F7124DFC13D1EE1B0041BF36 /* Foundation.framework */,
				F7124DFE13D1EE1B0041BF36 /* CoreGraphics.framework */,
				F7124E0013D1EE1B0041BF36 /* QuartzCore.framework */,
				F7124E0213D1EE1B0041BF36 /* OpenGLES.framework */,
				F773961313E891230099FD29 /* OpenAL.framework */,
				F773960E13E88ED10099FD29 /* AudioToolbox.framework */,
				F773961213E891230099FD29 /* AudioToolbox.framework */,
				F773960C13E88E6C0099FD29 /* OpenAL.framework */,
			);
			name = Frameworks;
			sourceTree = "<group>";
		};
		F7124E0413D1EE1B0041BF36 /* TouchEngine */ = {
			isa = PBXGroup;
			children = (
				8BE9F9E7146B312C007429F7 /* Shaders */,
				F7E2DC6513D3D4D100E7DC7B /* Game */,
				F7E8D2B413D25B830049AA45 /* Core */,
			);
			path = TouchEngine;
			sourceTree = "<group>";
		};
		F7124E0513D1EE1B0041BF36 /* Supporting Files */ = {
			isa = PBXGroup;
			children = (
				F7124E0613D1EE1B0041BF36 /* TouchEngine-Info.plist */,
				F7124E0713D1EE1B0041BF36 /* InfoPlist.strings */,
				F7124E0A13D1EE1B0041BF36 /* TouchEngine-Prefix.pch */,
				F7124E0B13D1EE1B0041BF36 /* main.m */,
			);
			name = "Supporting Files";
			path = TouchEngine;
			sourceTree = "<group>";
		};
		F763053713E9F5A70015334E /* Sounds */ = {
			isa = PBXGroup;
			children = (
				F763053813E9F5DD0015334E /* shuffle.caf */,
			);
			name = Sounds;
			path = TouchEngine;
			sourceTree = "<group>";
		};
		F7E2DC6513D3D4D100E7DC7B /* Game */ = {
			isa = PBXGroup;
			children = (
				F7C7F0E213D2369C0061A219 /* FreeCellGame.h */,
				F7C7F0E113D2369C0061A219 /* FreeCellGame.mm */,
				F795ECA913D274A500550919 /* FreeCellGameObjectFactory.h */,
				F795ECA813D274A500550919 /* FreeCellGameObjectFactory.mm */,
				F7124E0D13D1EE1B0041BF36 /* TouchEngineAppDelegate.h */,
				F7124E0E13D1EE1B0041BF36 /* TouchEngineAppDelegate.mm */,
			);
			name = Game;
			sourceTree = "<group>";
		};
		F7E2DC6613D3D50100E7DC7B /* Images */ = {
			isa = PBXGroup;
			children = (
				F71ED8A41400AA64002311DD /* table_background.png */,
				F7C46D4D13F74D50000534DB /* moves.png */,
				F7F141F213EF5A93000B9A54 /* menu_bar.png */,
				F76E98B913EE737D002F8CCB /* menu.png */,
				F71A360113E39C4500487B99 /* numbers.png */,
				F71A35FC13E37DDA00487B99 /* time.png */,
				F71A35F613E378A700487B99 /* image_time.png */,
				F74E05D713D3FA72006DDA9C /* heart_jack.png */,
				F74E05D813D3FA72006DDA9C /* heart_four.png */,
				F74E05D913D3FA72006DDA9C /* heart_five.png */,
				F74E05DA13D3FA72006DDA9C /* heart_eight.png */,
				F74E05DB13D3FA72006DDA9C /* heart_ace.png */,
				F74E05DC13D3FA72006DDA9C /* diamond_two.png */,
				F74E05DD13D3FA72006DDA9C /* diamond_three.png */,
				F74E05DE13D3FA72006DDA9C /* diamond_ten.png */,
				F74E05DF13D3FA72006DDA9C /* diamond_six.png */,
				F74E05E013D3FA72006DDA9C /* diamond_seven.png */,
				F74E05E113D3FA72006DDA9C /* diamond_queen.png */,
				F74E05E213D3FA72006DDA9C /* diamond_nine.png */,
				F74E05E313D3FA72006DDA9C /* diamond_king.png */,
				F74E05E413D3FA72006DDA9C /* diamond_jack.png */,
				F74E05E513D3FA72006DDA9C /* diamond_four.png */,
				F74E05E613D3FA72006DDA9C /* diamond_five.png */,
				F74E05E713D3FA72006DDA9C /* diamond_eight.png */,
				F74E05E813D3FA72006DDA9C /* diamond_ace.png */,
				F74E05E913D3FA72006DDA9C /* club_two.png */,
				F74E05EA13D3FA72006DDA9C /* club_three.png */,
				F74E05EB13D3FA72006DDA9C /* club_ten.png */,
				F74E05EC13D3FA72006DDA9C /* club_six.png */,
				F74E05ED13D3FA72006DDA9C /* club_seven.png */,
				F74E05EE13D3FA72006DDA9C /* club_queen.png */,
				F74E05EF13D3FA72006DDA9C /* club_nine.png */,
				F74E05F013D3FA72006DDA9C /* club_king.png */,
				F74E05F113D3FA72006DDA9C /* club_jack.png */,
				F74E05F213D3FA72006DDA9C /* club_four.png */,
				F74E05F313D3FA72006DDA9C /* club_five.png */,
				F74E05F413D3FA72006DDA9C /* club_eight.png */,
				F74E05F513D3FA72006DDA9C /* club_ace.png */,
				F74E05AE13D3FA4D006DDA9C /* spade_two.png */,
				F74E05AF13D3FA4D006DDA9C /* spade_three.png */,
				F74E05B013D3FA4D006DDA9C /* spade_ten.png */,
				F74E05B113D3FA4D006DDA9C /* spade_six.png */,
				F74E05B213D3FA4D006DDA9C /* spade_seven.png */,
				F74E05B313D3FA4D006DDA9C /* spade_queen.png */,
				F74E05B413D3FA4D006DDA9C /* spade_nine.png */,
				F74E05B513D3FA4D006DDA9C /* spade_king.png */,
				F74E05B613D3FA4D006DDA9C /* spade_jack.png */,
				F74E05B713D3FA4D006DDA9C /* spade_four.png */,
				F74E05B813D3FA4D006DDA9C /* spade_five.png */,
				F74E05B913D3FA4D006DDA9C /* spade_eight.png */,
				F74E05BA13D3FA4D006DDA9C /* heart_two.png */,
				F74E05BB13D3FA4D006DDA9C /* heart_three.png */,
				F74E05BC13D3FA4D006DDA9C /* heart_ten.png */,
				F74E05BD13D3FA4D006DDA9C /* heart_six.png */,
				F74E05BE13D3FA4D006DDA9C /* heart_seven.png */,
				F74E05BF13D3FA4D006DDA9C /* heart_queen.png */,
				F74E05C013D3FA4D006DDA9C /* heart_nine.png */,
				F74E05C113D3FA4D006DDA9C /* heart_king.png */,
				F7E2DC6A13D3E6D900E7DC7B /* spade_ace.png */,
				F7E2DC6213D3D47400E7DC7B /* ace_cell.png */,
				F761D42B13D3C4C000ED12F9 /* free_cell.png */,
			);
			name = Images;
			path = TouchEngine;
			sourceTree = "<group>";
		};
		F7E8D2B413D25B830049AA45 /* Core */ = {
			isa = PBXGroup;
			children = (
				F7124E1713D1EE1B0041BF36 /* EAGLView.h */,
				F7124E1813D1EE1B0041BF36 /* EAGLView.mm */,
				F7E2DC6713D3D57A00E7DC7B /* PlayingCard.cpp */,
				F7E2DC6813D3D57A00E7DC7B /* PlayingCard.h */,
				F71A35FF13E38DB100487B99 /* RenderHUD.h */,
				F71A35FE13E38DB100487B99 /* RenderHUD.mm */,
				F795ECAD13D27EDD00550919 /* RenderImage.h */,
				F795ECAC13D27EDD00550919 /* RenderImage.mm */,
				F7F141F613EF70BB000B9A54 /* RenderMenu.h */,
				F7F141F513EF70BB000B9A54 /* RenderMenu.mm */,
				F773960213E889700099FD29 /* SoundStart.h */,
				F773960113E8896F0099FD29 /* SoundStart.mm */,
				F7C78C6813E33D7700A7F69E /* StackAceCell.cpp */,
				F7C78C6913E33D7800A7F69E /* StackAceCell.h */,
				F7FC1AD213D529AB003A7211 /* StackCard.cpp */,
				F7FC1AD313D529AC003A7211 /* StackCard.h */,
				F7C78C6413E33A7A00A7F69E /* StackFreeCell.cpp */,
				F7C78C6513E33A7B00A7F69E /* StackFreeCell.h */,
				F7FC1ACF13D519EA003A7211 /* StackTableCell.cpp */,
				F7FC1AD013D519EA003A7211 /* StackTableCell.h */,
				F7E8D2BF13D265E20049AA45 /* TEComponent.cpp */,
				F7E8D2C013D265E20049AA45 /* TEComponent.h */,
				F7E8D2C213D26C4D0049AA45 /* TEComponentRender.h */,
				F77395FF13E887B30099FD29 /* TEComponentSound.h */,
				F763053E13E9FE8B0015334E /* TEComponentSound.mm */,
				F7FC1ACC13D511E3003A7211 /* TEComponentStack.cpp */,
				F7FC1ACD13D511E3003A7211 /* TEComponentStack.h */,
				F7F1621C13D294E300A34457 /* TEComponentTouch.cpp */,
				F7F1621D13D294E300A34457 /* TEComponentTouch.h */,
				F7C7F0DE13D234B20061A219 /* TEEngine.h */,
				F7C7F0DD13D234B20061A219 /* TEEngine.mm */,
				F7FE2F4813E25F2D00B9858D /* TEEventListener.h */,
				F7C9DFC513E1F4EA00FA2BA3 /* TEEventListenerBase.h */,
				F795ECA413D2739500550919 /* TEGameObject.cpp */,
				F795ECA513D2739500550919 /* TEGameObject.h */,
				F7F1621F13D2971C00A34457 /* TEInputTouch.cpp */,
				F7F1622013D2971C00A34457 /* TEInputTouch.h */,
				F7E8D2B613D25D290049AA45 /* TEManager.h */,
				F7E8D2BB13D262FE0049AA45 /* TEManagerComponent.cpp */,
				F7E8D2BC13D262FE0049AA45 /* TEManagerComponent.h */,
				8BE9F9E2146B0E3F007429F7 /* TEManagerFile.h */,
				8BE9F9E0146B0E25007429F7 /* TEManagerFile.mm */,
				8BFB89201468ED0B00D30096 /* TEManagerGraphics.h */,
				8BFB89221468ED7F00D30096 /* TEManagerGraphics.mm */,
				F7C1B51E13DA852F00EF84E8 /* TEManagerInput.cpp */,
				F7C1B51F13DA853000EF84E8 /* TEManagerInput.h */,
				F7E8D2B913D262980049AA45 /* TEManagerRender.h */,
				F7E8D2B813D262980049AA45 /* TEManagerRender.mm */,
				F77395FB13E882040099FD29 /* TEManagerSound.h */,
				F77395FA13E882040099FD29 /* TEManagerSound.mm */,
				F7FC1AC813D50FD5003A7211 /* TEManagerStack.cpp */,
				F7FC1AC913D50FD5003A7211 /* TEManagerStack.h */,
				8BCFFE971475D4F700F2DFDE /* TEManagerTexture.h */,
				8BCFFE991475D50D00F2DFDE /* TEManagerTexture.mm */,
				F7A9AD2A13E61CC20053B95A /* TEManagerTime.cpp */,
				F7A9AD2B13E61CC20053B95A /* TEManagerTime.h */,
				F7F1621813D292D400A34457 /* TEManagerTouch.cpp */,
				F7F1621913D292D400A34457 /* TEManagerTouch.h */,
				F71F95B813E5879E003E0D0F /* TERandomizer.cpp */,
				F71F95B913E5879E003E0D0F /* TERandomizer.h */,
				8BE9F9D6146B01A1007429F7 /* TERenderer.h */,
				8BCE31C1146B4296003BEDA3 /* TERenderer.mm */,
				8BE9F9DD146B0B5D007429F7 /* TERendererOGL2.h */,
				8BE9F9DE146B0B72007429F7 /* TERendererOGL2.mm */,
				8BE9F9DA146B01EC007429F7 /* TERendererOGL1.h */,
				8BE9F9D8146B01DA007429F7 /* TERendererOGL1.mm */,
				F795ECAB13D27DF800550919 /* TETypes.h */,
				8B566BC8146BA2840088C712 /* TEUtilMatrix.cpp */,
				8B566BC6146B9A520088C712 /* TEUtilMatrix.h */,
				F761D41313D3A2DF00ED12F9 /* TEUtilsMath.h */,
				F7F1622613D2A94B00A34457 /* TEUtilTexture.h */,
				F7F1622513D2A94A00A34457 /* TEUtilTexture.mm */,
				F7E9572613DBDA3200565556 /* TouchDrag.h */,
				F7E9572513DBDA3200565556 /* TouchDrag.mm */,
			);
			name = Core;
			sourceTree = "<group>";
		};
/* End PBXGroup section */

/* Begin PBXNativeTarget section */
		F7124DF513D1EE1B0041BF36 /* TouchEngine */ = {
			isa = PBXNativeTarget;
			buildConfigurationList = F7124E2213D1EE1B0041BF36 /* Build configuration list for PBXNativeTarget "TouchEngine" */;
			buildPhases = (
				F7124DF213D1EE1B0041BF36 /* Sources */,
				F7124DF313D1EE1B0041BF36 /* Frameworks */,
				F7124DF413D1EE1B0041BF36 /* Resources */,
			);
			buildRules = (
			);
			dependencies = (
			);
			name = TouchEngine;
			productName = TouchEngine;
			productReference = F7124DF613D1EE1B0041BF36 /* TouchEngine.app */;
			productType = "com.apple.product-type.application";
		};
/* End PBXNativeTarget section */

/* Begin PBXProject section */
		F7124DED13D1EE1B0041BF36 /* Project object */ = {
			isa = PBXProject;
			attributes = {
				LastUpgradeCheck = 0420;
			};
			buildConfigurationList = F7124DF013D1EE1B0041BF36 /* Build configuration list for PBXProject "TouchEngine" */;
			compatibilityVersion = "Xcode 3.2";
			developmentRegion = English;
			hasScannedForEncodings = 0;
			knownRegions = (
				en,
			);
			mainGroup = F7124DEB13D1EE1B0041BF36;
			productRefGroup = F7124DF713D1EE1B0041BF36 /* Products */;
			projectDirPath = "";
			projectRoot = "";
			targets = (
				F7124DF513D1EE1B0041BF36 /* TouchEngine */,
			);
		};
/* End PBXProject section */

/* Begin PBXResourcesBuildPhase section */
		F7124DF413D1EE1B0041BF36 /* Resources */ = {
			isa = PBXResourcesBuildPhase;
			buildActionMask = 2147483647;
			files = (
				8BCE31BC146B3961003BEDA3 /* colorbox.fs in Resources */,
				8BCE31BD146B3961003BEDA3 /* colorbox.vs in Resources */,
				8BCE31BE146B3961003BEDA3 /* effectbox.vs in Resources */,
				8BCE31BF146B3961003BEDA3 /* texture.fs in Resources */,
				8BCE31C0146B3961003BEDA3 /* texture.vs in Resources */,
				F7124E0913D1EE1B0041BF36 /* InfoPlist.strings in Resources */,
				F761D42C13D3C4C000ED12F9 /* free_cell.png in Resources */,
				F7E2DC6313D3D47400E7DC7B /* ace_cell.png in Resources */,
				F7E2DC6B13D3E6D900E7DC7B /* spade_ace.png in Resources */,
				F74E05C213D3FA4D006DDA9C /* spade_two.png in Resources */,
				F74E05C313D3FA4D006DDA9C /* spade_three.png in Resources */,
				F74E05C413D3FA4D006DDA9C /* spade_ten.png in Resources */,
				F74E05C513D3FA4D006DDA9C /* spade_six.png in Resources */,
				F74E05C613D3FA4D006DDA9C /* spade_seven.png in Resources */,
				F74E05C713D3FA4D006DDA9C /* spade_queen.png in Resources */,
				F74E05C813D3FA4D006DDA9C /* spade_nine.png in Resources */,
				F74E05C913D3FA4D006DDA9C /* spade_king.png in Resources */,
				F74E05CA13D3FA4D006DDA9C /* spade_jack.png in Resources */,
				F74E05CB13D3FA4D006DDA9C /* spade_four.png in Resources */,
				F74E05CC13D3FA4D006DDA9C /* spade_five.png in Resources */,
				F74E05CD13D3FA4D006DDA9C /* spade_eight.png in Resources */,
				F74E05CE13D3FA4D006DDA9C /* heart_two.png in Resources */,
				F74E05CF13D3FA4D006DDA9C /* heart_three.png in Resources */,
				F74E05D013D3FA4D006DDA9C /* heart_ten.png in Resources */,
				F74E05D113D3FA4D006DDA9C /* heart_six.png in Resources */,
				F74E05D213D3FA4D006DDA9C /* heart_seven.png in Resources */,
				F74E05D313D3FA4D006DDA9C /* heart_queen.png in Resources */,
				F74E05D413D3FA4D006DDA9C /* heart_nine.png in Resources */,
				F74E05D513D3FA4D006DDA9C /* heart_king.png in Resources */,
				F74E05F613D3FA72006DDA9C /* heart_jack.png in Resources */,
				F74E05F713D3FA72006DDA9C /* heart_four.png in Resources */,
				F74E05F813D3FA72006DDA9C /* heart_five.png in Resources */,
				F74E05F913D3FA72006DDA9C /* heart_eight.png in Resources */,
				F74E05FA13D3FA72006DDA9C /* heart_ace.png in Resources */,
				F74E05FB13D3FA72006DDA9C /* diamond_two.png in Resources */,
				F74E05FC13D3FA72006DDA9C /* diamond_three.png in Resources */,
				F74E05FD13D3FA72006DDA9C /* diamond_ten.png in Resources */,
				F74E05FE13D3FA72006DDA9C /* diamond_six.png in Resources */,
				F74E05FF13D3FA72006DDA9C /* diamond_seven.png in Resources */,
				F74E060013D3FA72006DDA9C /* diamond_queen.png in Resources */,
				F74E060113D3FA72006DDA9C /* diamond_nine.png in Resources */,
				F74E060213D3FA72006DDA9C /* diamond_king.png in Resources */,
				F74E060313D3FA72006DDA9C /* diamond_jack.png in Resources */,
				F74E060413D3FA72006DDA9C /* diamond_four.png in Resources */,
				F74E060513D3FA72006DDA9C /* diamond_five.png in Resources */,
				F74E060613D3FA72006DDA9C /* diamond_eight.png in Resources */,
				F74E060713D3FA72006DDA9C /* diamond_ace.png in Resources */,
				F74E060813D3FA72006DDA9C /* club_two.png in Resources */,
				F74E060913D3FA72006DDA9C /* club_three.png in Resources */,
				F74E060A13D3FA72006DDA9C /* club_ten.png in Resources */,
				F74E060B13D3FA72006DDA9C /* club_six.png in Resources */,
				F74E060C13D3FA72006DDA9C /* club_seven.png in Resources */,
				F74E060D13D3FA72006DDA9C /* club_queen.png in Resources */,
				F74E060E13D3FA72006DDA9C /* club_nine.png in Resources */,
				F74E060F13D3FA72006DDA9C /* club_king.png in Resources */,
				F74E061013D3FA72006DDA9C /* club_jack.png in Resources */,
				F74E061113D3FA72006DDA9C /* club_four.png in Resources */,
				F74E061213D3FA72006DDA9C /* club_five.png in Resources */,
				F74E061313D3FA72006DDA9C /* club_eight.png in Resources */,
				F74E061413D3FA72006DDA9C /* club_ace.png in Resources */,
				F71A35F713E378A700487B99 /* image_time.png in Resources */,
				F71A35FD13E37DDA00487B99 /* time.png in Resources */,
				F71A360213E39C4500487B99 /* numbers.png in Resources */,
				F763053913E9F5DD0015334E /* shuffle.caf in Resources */,
				F76E98BA13EE737D002F8CCB /* menu.png in Resources */,
				F7F141F313EF5A93000B9A54 /* menu_bar.png in Resources */,
				F7C46D4E13F74D50000534DB /* moves.png in Resources */,
				F71ED8A51400AA64002311DD /* table_background.png in Resources */,
				8BD8D58214774347009D47FA /* FragmentShader.txt in Resources */,
				8BD8D58314774347009D47FA /* VertexShader.txt in Resources */,
			);
			runOnlyForDeploymentPostprocessing = 0;
		};
/* End PBXResourcesBuildPhase section */

/* Begin PBXSourcesBuildPhase section */
		F7124DF213D1EE1B0041BF36 /* Sources */ = {
			isa = PBXSourcesBuildPhase;
			buildActionMask = 2147483647;
			files = (
				F7124E0C13D1EE1B0041BF36 /* main.m in Sources */,
				F7124E0F13D1EE1B0041BF36 /* TouchEngineAppDelegate.mm in Sources */,
				F7124E1913D1EE1B0041BF36 /* EAGLView.mm in Sources */,
				F7C7F0DF13D234B20061A219 /* TEEngine.mm in Sources */,
				F7C7F0E313D2369C0061A219 /* FreeCellGame.mm in Sources */,
				F7E8D2BA13D262980049AA45 /* TEManagerRender.mm in Sources */,
				F7E8D2BD13D262FE0049AA45 /* TEManagerComponent.cpp in Sources */,
				F7E8D2C113D265E20049AA45 /* TEComponent.cpp in Sources */,
				F795ECA613D2739500550919 /* TEGameObject.cpp in Sources */,
				F795ECAA13D274A500550919 /* FreeCellGameObjectFactory.mm in Sources */,
				F795ECAE13D27EDD00550919 /* RenderImage.mm in Sources */,
				F7F1621A13D292D400A34457 /* TEManagerTouch.cpp in Sources */,
				F7F1621E13D294E300A34457 /* TEComponentTouch.cpp in Sources */,
				F7F1622113D2971C00A34457 /* TEInputTouch.cpp in Sources */,
				F7F1622713D2A94B00A34457 /* TEUtilTexture.mm in Sources */,
				F7E2DC6913D3D57A00E7DC7B /* PlayingCard.cpp in Sources */,
				F7FC1ACA13D50FD5003A7211 /* TEManagerStack.cpp in Sources */,
				F7FC1ACE13D511E3003A7211 /* TEComponentStack.cpp in Sources */,
				F7FC1AD113D519EA003A7211 /* StackTableCell.cpp in Sources */,
				F7FC1AD413D529AC003A7211 /* StackCard.cpp in Sources */,
				F7C1B52013DA853000EF84E8 /* TEManagerInput.cpp in Sources */,
				F7E9572713DBDA3300565556 /* TouchDrag.mm in Sources */,
				F7C78C6613E33A7C00A7F69E /* StackFreeCell.cpp in Sources */,
				F7C78C6A13E33D7900A7F69E /* StackAceCell.cpp in Sources */,
				F71A360013E38DB100487B99 /* RenderHUD.mm in Sources */,
				F71F95BA13E5879E003E0D0F /* TERandomizer.cpp in Sources */,
				F7A9AD2C13E61CC20053B95A /* TEManagerTime.cpp in Sources */,
				F77395FC13E882040099FD29 /* TEManagerSound.mm in Sources */,
				F773960313E889700099FD29 /* SoundStart.mm in Sources */,
				F763053F13E9FE8B0015334E /* TEComponentSound.mm in Sources */,
				F7F141F713EF70BB000B9A54 /* RenderMenu.mm in Sources */,
				8BFB89231468ED7F00D30096 /* TEManagerGraphics.mm in Sources */,
				8BE9F9D9146B01DB007429F7 /* TERendererOGL1.mm in Sources */,
				8BE9F9DF146B0B72007429F7 /* TERendererOGL2.mm in Sources */,
				8BE9F9E1146B0E26007429F7 /* TEManagerFile.mm in Sources */,
				8BCE31C2146B4296003BEDA3 /* TERenderer.mm in Sources */,
				8B566BC9146BA2840088C712 /* TEUtilMatrix.cpp in Sources */,
				8BCFFE9A1475D50D00F2DFDE /* TEManagerTexture.mm in Sources */,
			);
			runOnlyForDeploymentPostprocessing = 0;
		};
/* End PBXSourcesBuildPhase section */

/* Begin PBXVariantGroup section */
		F7124E0713D1EE1B0041BF36 /* InfoPlist.strings */ = {
			isa = PBXVariantGroup;
			children = (
				F7124E0813D1EE1B0041BF36 /* en */,
			);
			name = InfoPlist.strings;
			sourceTree = "<group>";
		};
/* End PBXVariantGroup section */

/* Begin XCBuildConfiguration section */
		F7124E2013D1EE1B0041BF36 /* Debug */ = {
			isa = XCBuildConfiguration;
			buildSettings = {
				ARCHS = "$(ARCHS_STANDARD_32_BIT)";
				"CODE_SIGN_IDENTITY[sdk=iphoneos*]" = "iPhone Developer";
				GCC_C_LANGUAGE_STANDARD = gnu99;
				GCC_OPTIMIZATION_LEVEL = 0;
				GCC_PREPROCESSOR_DEFINITIONS = DEBUG;
				GCC_SYMBOLS_PRIVATE_EXTERN = NO;
				GCC_VERSION = com.apple.compilers.llvmgcc42;
				GCC_WARN_ABOUT_RETURN_TYPE = YES;
				GCC_WARN_UNUSED_VARIABLE = YES;
				IPHONEOS_DEPLOYMENT_TARGET = 4.1;
				SDKROOT = iphonesimulator4.1;
			};
			name = Debug;
		};
		F7124E2113D1EE1B0041BF36 /* Release */ = {
			isa = XCBuildConfiguration;
			buildSettings = {
				ARCHS = "$(ARCHS_STANDARD_32_BIT)";
				"CODE_SIGN_IDENTITY[sdk=iphoneos*]" = "iPhone Developer";
				GCC_C_LANGUAGE_STANDARD = gnu99;
				GCC_VERSION = com.apple.compilers.llvmgcc42;
				GCC_WARN_ABOUT_RETURN_TYPE = YES;
				GCC_WARN_UNUSED_VARIABLE = YES;
				IPHONEOS_DEPLOYMENT_TARGET = 4.1;
				OTHER_CFLAGS = "-DNS_BLOCK_ASSERTIONS=1";
				SDKROOT = iphoneos;
			};
			name = Release;
		};
		F7124E2313D1EE1B0041BF36 /* Debug */ = {
			isa = XCBuildConfiguration;
			buildSettings = {
				ALWAYS_SEARCH_USER_PATHS = NO;
				COPY_PHASE_STRIP = NO;
				GCC_DYNAMIC_NO_PIC = NO;
				GCC_PRECOMPILE_PREFIX_HEADER = YES;
				GCC_PREFIX_HEADER = "TouchEngine/TouchEngine-Prefix.pch";
				"GCC_THUMB_SUPPORT[arch=armv6]" = "";
				GCC_VERSION = com.apple.compilers.llvm.clang.1_0;
				INFOPLIST_FILE = "TouchEngine/TouchEngine-Info.plist";
				PRODUCT_NAME = "$(TARGET_NAME)";
				SDKROOT = iphoneos;
				WRAPPER_EXTENSION = app;
			};
			name = Debug;
		};
		F7124E2413D1EE1B0041BF36 /* Release */ = {
			isa = XCBuildConfiguration;
			buildSettings = {
				ALWAYS_SEARCH_USER_PATHS = NO;
				COPY_PHASE_STRIP = YES;
				GCC_PRECOMPILE_PREFIX_HEADER = YES;
				GCC_PREFIX_HEADER = "TouchEngine/TouchEngine-Prefix.pch";
				"GCC_THUMB_SUPPORT[arch=armv6]" = "";
				GCC_VERSION = com.apple.compilers.llvm.clang.1_0;
				INFOPLIST_FILE = "TouchEngine/TouchEngine-Info.plist";
				PRODUCT_NAME = "$(TARGET_NAME)";
				SDKROOT = iphoneos;
				VALIDATE_PRODUCT = YES;
				WRAPPER_EXTENSION = app;
			};
			name = Release;
		};
/* End XCBuildConfiguration section */

/* Begin XCConfigurationList section */
		F7124DF013D1EE1B0041BF36 /* Build configuration list for PBXProject "TouchEngine" */ = {
			isa = XCConfigurationList;
			buildConfigurations = (
				F7124E2013D1EE1B0041BF36 /* Debug */,
				F7124E2113D1EE1B0041BF36 /* Release */,
			);
			defaultConfigurationIsVisible = 0;
			defaultConfigurationName = Release;
		};
		F7124E2213D1EE1B0041BF36 /* Build configuration list for PBXNativeTarget "TouchEngine" */ = {
			isa = XCConfigurationList;
			buildConfigurations = (
				F7124E2313D1EE1B0041BF36 /* Debug */,
				F7124E2413D1EE1B0041BF36 /* Release */,
			);
			defaultConfigurationIsVisible = 0;
			defaultConfigurationName = Release;
		};
/* End XCConfigurationList section */
	};
	rootObject = F7124DED13D1EE1B0041BF36 /* Project object */;
}
